// !$*UTF8*$!
{
	archiveVersion = 1;
	classes = {
	};
	objectVersion = 50;
	objects = {

/* Begin PBXBuildFile section */
		DCFB172524C5FA1800534E17 /* AppDelegate.swift in Sources */ = {isa = PBXBuildFile; fileRef = DCFB172424C5FA1800534E17 /* AppDelegate.swift */; };
		DCFB172724C5FA1800534E17 /* SceneDelegate.swift in Sources */ = {isa = PBXBuildFile; fileRef = DCFB172624C5FA1800534E17 /* SceneDelegate.swift */; };
		DCFB172924C5FA1800534E17 /* ContentView.swift in Sources */ = {isa = PBXBuildFile; fileRef = DCFB172824C5FA1800534E17 /* ContentView.swift */; };
		DCFB172B24C5FA1A00534E17 /* Assets.xcassets in Resources */ = {isa = PBXBuildFile; fileRef = DCFB172A24C5FA1A00534E17 /* Assets.xcassets */; };
		DCFB172E24C5FA1A00534E17 /* Preview Assets.xcassets in Resources */ = {isa = PBXBuildFile; fileRef = DCFB172D24C5FA1A00534E17 /* Preview Assets.xcassets */; };
		DCFB173124C5FA1A00534E17 /* LaunchScreen.storyboard in Resources */ = {isa = PBXBuildFile; fileRef = DCFB172F24C5FA1A00534E17 /* LaunchScreen.storyboard */; };
		DCFB173924C5FE2200534E17 /* Video.swift in Sources */ = {isa = PBXBuildFile; fileRef = DCFB173824C5FE2200534E17 /* Video.swift */; };
/* End PBXBuildFile section */

/* Begin PBXFileReference section */
		DCFB172124C5FA1800534E17 /* SwiftUI-Videos.app */ = {isa = PBXFileReference; explicitFileType = wrapper.application; includeInIndex = 0; path = "SwiftUI-Videos.app"; sourceTree = BUILT_PRODUCTS_DIR; };
		DCFB172424C5FA1800534E17 /* AppDelegate.swift */ = {isa = PBXFileReference; lastKnownFileType = sourcecode.swift; path = AppDelegate.swift; sourceTree = "<group>"; };
		DCFB172624C5FA1800534E17 /* SceneDelegate.swift */ = {isa = PBXFileReference; lastKnownFileType = sourcecode.swift; path = SceneDelegate.swift; sourceTree = "<group>"; };
		DCFB172824C5FA1800534E17 /* ContentView.swift */ = {isa = PBXFileReference; lastKnownFileType = sourcecode.swift; path = ContentView.swift; sourceTree = "<group>"; };
		DCFB172A24C5FA1A00534E17 /* Assets.xcassets */ = {isa = PBXFileReference; lastKnownFileType = folder.assetcatalog; path = Assets.xcassets; sourceTree = "<group>"; };
		DCFB172D24C5FA1A00534E17 /* Preview Assets.xcassets */ = {isa = PBXFileReference; lastKnownFileType = folder.assetcatalog; path = "Preview Assets.xcassets"; sourceTree = "<group>"; };
		DCFB173024C5FA1A00534E17 /* Base */ = {isa = PBXFileReference; lastKnownFileType = file.storyboard; name = Base; path = Base.lproj/LaunchScreen.storyboard; sourceTree = "<group>"; };
		DCFB173224C5FA1A00534E17 /* Info.plist */ = {isa = PBXFileReference; lastKnownFileType = text.plist.xml; path = Info.plist; sourceTree = "<group>"; };
		DCFB173824C5FE2200534E17 /* Video.swift */ = {isa = PBXFileReference; lastKnownFileType = sourcecode.swift; path = Video.swift; sourceTree = "<group>"; };
/* End PBXFileReference section */

/* Begin PBXFrameworksBuildPhase section */
		DCFB171E24C5FA1800534E17 /* Frameworks */ = {
			isa = PBXFrameworksBuildPhase;
			buildActionMask = 2147483647;
			files = (
			);
			runOnlyForDeploymentPostprocessing = 0;
		};
/* End PBXFrameworksBuildPhase section */

/* Begin PBXGroup section */
		DCFB171824C5FA1800534E17 = {
			isa = PBXGroup;
			children = (
				DCFB172324C5FA1800534E17 /* SwiftUI-Videos */,
				DCFB172224C5FA1800534E17 /* Products */,
			);
			sourceTree = "<group>";
		};
		DCFB172224C5FA1800534E17 /* Products */ = {
			isa = PBXGroup;
			children = (
				DCFB172124C5FA1800534E17 /* SwiftUI-Videos.app */,
			);
			name = Products;
			sourceTree = "<group>";
		};
		DCFB172324C5FA1800534E17 /* SwiftUI-Videos */ = {
			isa = PBXGroup;
			children = (
				DCFB172424C5FA1800534E17 /* AppDelegate.swift */,
				DCFB172624C5FA1800534E17 /* SceneDelegate.swift */,
				DCFB172824C5FA1800534E17 /* ContentView.swift */,
				DCFB173824C5FE2200534E17 /* Video.swift */,
				DCFB172A24C5FA1A00534E17 /* Assets.xcassets */,
				DCFB172F24C5FA1A00534E17 /* LaunchScreen.storyboard */,
				DCFB173224C5FA1A00534E17 /* Info.plist */,
				DCFB172C24C5FA1A00534E17 /* Preview Content */,
			);
			path = "SwiftUI-Videos";
			sourceTree = "<group>";
		};
		DCFB172C24C5FA1A00534E17 /* Preview Content */ = {
			isa = PBXGroup;
			children = (
				DCFB172D24C5FA1A00534E17 /* Preview Assets.xcassets */,
			);
			path = "Preview Content";
			sourceTree = "<group>";
		};
/* End PBXGroup section */

/* Begin PBXNativeTarget section */
		DCFB172024C5FA1800534E17 /* SwiftUI-Videos */ = {
			isa = PBXNativeTarget;
			buildConfigurationList = DCFB173524C5FA1A00534E17 /* Build configuration list for PBXNativeTarget "SwiftUI-Videos" */;
			buildPhases = (
				DCFB171D24C5FA1800534E17 /* Sources */,
				DCFB171E24C5FA1800534E17 /* Frameworks */,
				DCFB171F24C5FA1800534E17 /* Resources */,
			);
			buildRules = (
			);
			dependencies = (
			);
			name = "SwiftUI-Videos";
			productName = "SwiftUI-Videos";
			productReference = DCFB172124C5FA1800534E17 /* SwiftUI-Videos.app */;
			productType = "com.apple.product-type.application";
		};
/* End PBXNativeTarget section */

/* Begin PBXProject section */
		DCFB171924C5FA1800534E17 /* Project object */ = {
			isa = PBXProject;
			attributes = {
				LastSwiftUpdateCheck = 1160;
				LastUpgradeCheck = 1160;
				ORGANIZATIONNAME = "Felix Leitenberger";
				TargetAttributes = {
					DCFB172024C5FA1800534E17 = {
						CreatedOnToolsVersion = 11.6;
					};
				};
			};
			buildConfigurationList = DCFB171C24C5FA1800534E17 /* Build configuration list for PBXProject "SwiftUI-Videos" */;
			compatibilityVersion = "Xcode 9.3";
			developmentRegion = en;
			hasScannedForEncodings = 0;
			knownRegions = (
				en,
				Base,
			);
			mainGroup = DCFB171824C5FA1800534E17;
			productRefGroup = DCFB172224C5FA1800534E17 /* Products */;
			projectDirPath = "";
			projectRoot = "";
			targets = (
				DCFB172024C5FA1800534E17 /* SwiftUI-Videos */,
			);
		};
/* End PBXProject section */

/* Begin PBXResourcesBuildPhase section */
		DCFB171F24C5FA1800534E17 /* Resources */ = {
			isa = PBXResourcesBuildPhase;
			buildActionMask = 2147483647;
			files = (
				DCFB173124C5FA1A00534E17 /* LaunchScreen.storyboard in Resources */,
				DCFB172E24C5FA1A00534E17 /* Preview Assets.xcassets in Resources */,
				DCFB172B24C5FA1A00534E17 /* Assets.xcassets in Resources */,
			);
			runOnlyForDeploymentPostprocessing = 0;
		};
/* End PBXResourcesBuildPhase section */

/* Begin PBXSourcesBuildPhase section */
		DCFB171D24C5FA1800534E17 /* Sources */ = {
			isa = PBXSourcesBuildPhase;
			buildActionMask = 2147483647;
			files = (
				DCFB172524C5FA1800534E17 /* AppDelegate.swift in Sources */,
				DCFB173924C5FE2200534E17 /* Video.swift in Sources */,
				DCFB172724C5FA1800534E17 /* SceneDelegate.swift in Sources */,
				DCFB172924C5FA1800534E17 /* ContentView.swift in Sources */,
			);
			runOnlyForDeploymentPostprocessing = 0;
		};
/* End PBXSourcesBuildPhase section */

/* Begin PBXVariantGroup section */
		DCFB172F24C5FA1A00534E17 /* LaunchScreen.storyboard */ = {
			isa = PBXVariantGroup;
			children = (
				DCFB173024C5FA1A00534E17 /* Base */,
			);
			name = LaunchScreen.storyboard;
			sourceTree = "<group>";
		};
/* End PBXVariantGroup section */

/* Begin XCBuildConfiguration section */
		DCFB173324C5FA1A00534E17 /* Debug */ = {
			isa = XCBuildConfiguration;
			buildSettings = {
				ALWAYS_SEARCH_USER_PATHS = NO;
				CLANG_ANALYZER_NONNULL = YES;
				CLANG_ANALYZER_NUMBER_OBJECT_CONVERSION = YES_AGGRESSIVE;
				CLANG_CXX_LANGUAGE_STANDARD = "gnu++14";
				CLANG_CXX_LIBRARY = "libc++";
				CLANG_ENABLE_MODULES = YES;
				CLANG_ENABLE_OBJC_ARC = YES;
				CLANG_ENABLE_OBJC_WEAK = YES;
				CLANG_WARN_BLOCK_CAPTURE_AUTORELEASING = YES;
				CLANG_WARN_BOOL_CONVERSION = YES;
				CLANG_WARN_COMMA = YES;
				CLANG_WARN_CONSTANT_CONVERSION = YES;
				CLANG_WARN_DEPRECATED_OBJC_IMPLEMENTATIONS = YES;
				CLANG_WARN_DIRECT_OBJC_ISA_USAGE = YES_ERROR;
				CLANG_WARN_DOCUMENTATION_COMMENTS = YES;
				CLANG_WARN_EMPTY_BODY = YES;
				CLANG_WARN_ENUM_CONVERSION = YES;
				CLANG_WARN_INFINITE_RECURSION = YES;
				CLANG_WARN_INT_CONVERSION = YES;
				CLANG_WARN_NON_LITERAL_NULL_CONVERSION = YES;
				CLANG_WARN_OBJC_IMPLICIT_RETAIN_SELF = YES;
				CLANG_WARN_OBJC_LITERAL_CONVERSION = YES;
				CLANG_WARN_OBJC_ROOT_CLASS = YES_ERROR;
				CLANG_WARN_RANGE_LOOP_ANALYSIS = YES;
				CLANG_WARN_STRICT_PROTOTYPES = YES;
				CLANG_WARN_SUSPICIOUS_MOVE = YES;
				CLANG_WARN_UNGUARDED_AVAILABILITY = YES_AGGRESSIVE;
				CLANG_WARN_UNREACHABLE_CODE = YES;
				CLANG_WARN__DUPLICATE_METHOD_MATCH = YES;
				COPY_PHASE_STRIP = NO;
				DEBUG_INFORMATION_FORMAT = dwarf;
				ENABLE_STRICT_OBJC_MSGSEND = YES;
				ENABLE_TESTABILITY = YES;
				GCC_C_LANGUAGE_STANDARD = gnu11;
				GCC_DYNAMIC_NO_PIC = NO;
				GCC_NO_COMMON_BLOCKS = YES;
				GCC_OPTIMIZATION_LEVEL = 0;
				GCC_PREPROCESSOR_DEFINITIONS = (
					"DEBUG=1",
					"$(inherited)",
				);
				GCC_WARN_64_TO_32_BIT_CONVERSION = YES;
				GCC_WARN_ABOUT_RETURN_TYPE = YES_ERROR;
				GCC_WARN_UNDECLARED_SELECTOR = YES;
				GCC_WARN_UNINITIALIZED_AUTOS = YES_AGGRESSIVE;
				GCC_WARN_UNUSED_FUNCTION = YES;
				GCC_WARN_UNUSED_VARIABLE = YES;
				IPHONEOS_DEPLOYMENT_TARGET = 13.6;
				MTL_ENABLE_DEBUG_INFO = INCLUDE_SOURCE;
				MTL_FAST_MATH = YES;
				ONLY_ACTIVE_ARCH = YES;
				SDKROOT = iphoneos;
				SWIFT_ACTIVE_COMPILATION_CONDITIONS = DEBUG;
				SWIFT_OPTIMIZATION_LEVEL = "-Onone";
			};
			name = Debug;
		};
		DCFB173424C5FA1A00534E17 /* Release */ = {
			isa = XCBuildConfiguration;
			buildSettings = {
				ALWAYS_SEARCH_USER_PATHS = NO;
				CLANG_ANALYZER_NONNULL = YES;
				CLANG_ANALYZER_NUMBER_OBJECT_CONVERSION = YES_AGGRESSIVE;
				CLANG_CXX_LANGUAGE_STANDARD = "gnu++14";
				CLANG_CXX_LIBRARY = "libc++";
				CLANG_ENABLE_MODULES = YES;
				CLANG_ENABLE_OBJC_ARC = YES;
				CLANG_ENABLE_OBJC_WEAK = YES;
				CLANG_WARN_BLOCK_CAPTURE_AUTORELEASING = YES;
				CLANG_WARN_BOOL_CONVERSION = YES;
				CLANG_WARN_COMMA = YES;
				CLANG_WARN_CONSTANT_CONVERSION = YES;
				CLANG_WARN_DEPRECATED_OBJC_IMPLEMENTATIONS = YES;
				CLANG_WARN_DIRECT_OBJC_ISA_USAGE = YES_ERROR;
				CLANG_WARN_DOCUMENTATION_COMMENTS = YES;
				CLANG_WARN_EMPTY_BODY = YES;
				CLANG_WARN_ENUM_CONVERSION = YES;
				CLANG_WARN_INFINITE_RECURSION = YES;
				CLANG_WARN_INT_CONVERSION = YES;
				CLANG_WARN_NON_LITERAL_NULL_CONVERSION = YES;
				CLANG_WARN_OBJC_IMPLICIT_RETAIN_SELF = YES;
				CLANG_WARN_OBJC_LITERAL_CONVERSION = YES;
				CLANG_WARN_OBJC_ROOT_CLASS = YES_ERROR;
				CLANG_WARN_RANGE_LOOP_ANALYSIS = YES;
				CLANG_WARN_STRICT_PROTOTYPES = YES;
				CLANG_WARN_SUSPICIOUS_MOVE = YES;
				CLANG_WARN_UNGUARDED_AVAILABILITY = YES_AGGRESSIVE;
				CLANG_WARN_UNREACHABLE_CODE = YES;
				CLANG_WARN__DUPLICATE_METHOD_MATCH = YES;
				COPY_PHASE_STRIP = NO;
				DEBUG_INFORMATION_FORMAT = "dwarf-with-dsym";
				ENABLE_NS_ASSERTIONS = NO;
				ENABLE_STRICT_OBJC_MSGSEND = YES;
				GCC_C_LANGUAGE_STANDARD = gnu11;
				GCC_NO_COMMON_BLOCKS = YES;
				GCC_WARN_64_TO_32_BIT_CONVERSION = YES;
				GCC_WARN_ABOUT_RETURN_TYPE = YES_ERROR;
				GCC_WARN_UNDECLARED_SELECTOR = YES;
				GCC_WARN_UNINITIALIZED_AUTOS = YES_AGGRESSIVE;
				GCC_WARN_UNUSED_FUNCTION = YES;
				GCC_WARN_UNUSED_VARIABLE = YES;
				IPHONEOS_DEPLOYMENT_TARGET = 13.6;
				MTL_ENABLE_DEBUG_INFO = NO;
				MTL_FAST_MATH = YES;
				SDKROOT = iphoneos;
				SWIFT_COMPILATION_MODE = wholemodule;
				SWIFT_OPTIMIZATION_LEVEL = "-O";
				VALIDATE_PRODUCT = YES;
			};
			name = Release;
		};
		DCFB173624C5FA1A00534E17 /* Debug */ = {
			isa = XCBuildConfiguration;
			buildSettings = {
				ASSETCATALOG_COMPILER_APPICON_NAME = AppIcon;
				CODE_SIGN_STYLE = Automatic;
				DEVELOPMENT_ASSET_PATHS = "\"SwiftUI-Videos/Preview Content\"";
				DEVELOPMENT_TEAM = T3L732D2U5;
				ENABLE_PREVIEWS = YES;
				INFOPLIST_FILE = "SwiftUI-Videos/Info.plist";
				LD_RUNPATH_SEARCH_PATHS = (
					"$(inherited)",
					"@executable_path/Frameworks",
				);
				PRODUCT_BUNDLE_IDENTIFIER = "de.crabucate.SwiftUI-Videos";
				PRODUCT_NAME = "$(TARGET_NAME)";
				SWIFT_VERSION = 5.0;
				TARGETED_DEVICE_FAMILY = "1,2";
			};
			name = Debug;
		};
		DCFB173724C5FA1A00534E17 /* Release */ = {
			isa = XCBuildConfiguration;
			buildSettings = {
				ASSETCATALOG_COMPILER_APPICON_NAME = AppIcon;
				CODE_SIGN_STYLE = Automatic;
				DEVELOPMENT_ASSET_PATHS = "\"SwiftUI-Videos/Preview Content\"";
				DEVELOPMENT_TEAM = T3L732D2U5;
				ENABLE_PREVIEWS = YES;
				INFOPLIST_FILE = "SwiftUI-Videos/Info.plist";
				LD_RUNPATH_SEARCH_PATHS = (
					"$(inherited)",
					"@executable_path/Frameworks",
				);
				PRODUCT_BUNDLE_IDENTIFIER = "de.crabucate.SwiftUI-Videos";
				PRODUCT_NAME = "$(TARGET_NAME)";
				SWIFT_VERSION = 5.0;
				TARGETED_DEVICE_FAMILY = "1,2";
			};
			name = Release;
		};
/* End XCBuildConfiguration section */

/* Begin XCConfigurationList section */
		DCFB171C24C5FA1800534E17 /* Build configuration list for PBXProject "SwiftUI-Videos" */ = {
			isa = XCConfigurationList;
			buildConfigurations = (
				DCFB173324C5FA1A00534E17 /* Debug */,
				DCFB173424C5FA1A00534E17 /* Release */,
			);
			defaultConfigurationIsVisible = 0;
			defaultConfigurationName = Release;
		};
		DCFB173524C5FA1A00534E17 /* Build configuration list for PBXNativeTarget "SwiftUI-Videos" */ = {
			isa = XCConfigurationList;
			buildConfigurations = (
				DCFB173624C5FA1A00534E17 /* Debug */,
				DCFB173724C5FA1A00534E17 /* Release */,
			);
			defaultConfigurationIsVisible = 0;
			defaultConfigurationName = Release;
		};
/* End XCConfigurationList section */
	};
	rootObject = DCFB171924C5FA1800534E17 /* Project object */;
}
