// !$*UTF8*$!
{
	archiveVersion = 1;
	classes = {
	};
	objectVersion = 50;
	objects = {

/* Begin PBXBuildFile section */
		DC0C1B20243CC8820075B98B /* AppDelegate.swift in Sources */ = {isa = PBXBuildFile; fileRef = DC0C1B1F243CC8820075B98B /* AppDelegate.swift */; };
		DC0C1B22243CC8820075B98B /* SceneDelegate.swift in Sources */ = {isa = PBXBuildFile; fileRef = DC0C1B21243CC8820075B98B /* SceneDelegate.swift */; };
		DC0C1B24243CC8820075B98B /* ColorTableVC.swift in Sources */ = {isa = PBXBuildFile; fileRef = DC0C1B23243CC8820075B98B /* ColorTableVC.swift */; };
		DC0C1B27243CC8820075B98B /* Main.storyboard in Resources */ = {isa = PBXBuildFile; fileRef = DC0C1B25243CC8820075B98B /* Main.storyboard */; };
		DC0C1B29243CC8830075B98B /* Assets.xcassets in Resources */ = {isa = PBXBuildFile; fileRef = DC0C1B28243CC8830075B98B /* Assets.xcassets */; };
		DC0C1B2C243CC8830075B98B /* LaunchScreen.storyboard in Resources */ = {isa = PBXBuildFile; fileRef = DC0C1B2A243CC8830075B98B /* LaunchScreen.storyboard */; };
		DC0C1B34243CC93D0075B98B /* Constants.swift in Sources */ = {isa = PBXBuildFile; fileRef = DC0C1B33243CC93D0075B98B /* Constants.swift */; };
		DC0C1B36243CCA4B0075B98B /* DetailVC.swift in Sources */ = {isa = PBXBuildFile; fileRef = DC0C1B35243CCA4B0075B98B /* DetailVC.swift */; };
		DC0C1B38243CCA9F0075B98B /* UIColor+Ext.swift in Sources */ = {isa = PBXBuildFile; fileRef = DC0C1B37243CCA9F0075B98B /* UIColor+Ext.swift */; };
/* End PBXBuildFile section */

/* Begin PBXFileReference section */
		DC0C1B1C243CC8820075B98B /* RandomColor.app */ = {isa = PBXFileReference; explicitFileType = wrapper.application; includeInIndex = 0; path = RandomColor.app; sourceTree = BUILT_PRODUCTS_DIR; };
		DC0C1B1F243CC8820075B98B /* AppDelegate.swift */ = {isa = PBXFileReference; lastKnownFileType = sourcecode.swift; path = AppDelegate.swift; sourceTree = "<group>"; };
		DC0C1B21243CC8820075B98B /* SceneDelegate.swift */ = {isa = PBXFileReference; lastKnownFileType = sourcecode.swift; path = SceneDelegate.swift; sourceTree = "<group>"; };
		DC0C1B23243CC8820075B98B /* ColorTableVC.swift */ = {isa = PBXFileReference; lastKnownFileType = sourcecode.swift; path = ColorTableVC.swift; sourceTree = "<group>"; };
		DC0C1B26243CC8820075B98B /* Base */ = {isa = PBXFileReference; lastKnownFileType = file.storyboard; name = Base; path = Base.lproj/Main.storyboard; sourceTree = "<group>"; };
		DC0C1B28243CC8830075B98B /* Assets.xcassets */ = {isa = PBXFileReference; lastKnownFileType = folder.assetcatalog; path = Assets.xcassets; sourceTree = "<group>"; };
		DC0C1B2B243CC8830075B98B /* Base */ = {isa = PBXFileReference; lastKnownFileType = file.storyboard; name = Base; path = Base.lproj/LaunchScreen.storyboard; sourceTree = "<group>"; };
		DC0C1B2D243CC8830075B98B /* Info.plist */ = {isa = PBXFileReference; lastKnownFileType = text.plist.xml; path = Info.plist; sourceTree = "<group>"; };
		DC0C1B33243CC93D0075B98B /* Constants.swift */ = {isa = PBXFileReference; lastKnownFileType = sourcecode.swift; path = Constants.swift; sourceTree = "<group>"; };
		DC0C1B35243CCA4B0075B98B /* DetailVC.swift */ = {isa = PBXFileReference; lastKnownFileType = sourcecode.swift; path = DetailVC.swift; sourceTree = "<group>"; };
		DC0C1B37243CCA9F0075B98B /* UIColor+Ext.swift */ = {isa = PBXFileReference; lastKnownFileType = sourcecode.swift; path = "UIColor+Ext.swift"; sourceTree = "<group>"; };
/* End PBXFileReference section */

/* Begin PBXFrameworksBuildPhase section */
		DC0C1B19243CC8820075B98B /* Frameworks */ = {
			isa = PBXFrameworksBuildPhase;
			buildActionMask = 2147483647;
			files = (
			);
			runOnlyForDeploymentPostprocessing = 0;
		};
/* End PBXFrameworksBuildPhase section */

/* Begin PBXGroup section */
		DC0C1B13243CC8820075B98B = {
			isa = PBXGroup;
			children = (
				DC0C1B1E243CC8820075B98B /* RandomColor */,
				DC0C1B1D243CC8820075B98B /* Products */,
			);
			sourceTree = "<group>";
		};
		DC0C1B1D243CC8820075B98B /* Products */ = {
			isa = PBXGroup;
			children = (
				DC0C1B1C243CC8820075B98B /* RandomColor.app */,
			);
			name = Products;
			sourceTree = "<group>";
		};
		DC0C1B1E243CC8820075B98B /* RandomColor */ = {
			isa = PBXGroup;
			children = (
				DC0C1B33243CC93D0075B98B /* Constants.swift */,
				DC0C1B1F243CC8820075B98B /* AppDelegate.swift */,
				DC0C1B21243CC8820075B98B /* SceneDelegate.swift */,
				DC0C1B23243CC8820075B98B /* ColorTableVC.swift */,
				DC0C1B35243CCA4B0075B98B /* DetailVC.swift */,
				DC0C1B25243CC8820075B98B /* Main.storyboard */,
				DC0C1B28243CC8830075B98B /* Assets.xcassets */,
				DC0C1B2A243CC8830075B98B /* LaunchScreen.storyboard */,
				DC0C1B2D243CC8830075B98B /* Info.plist */,
				DC0C1B37243CCA9F0075B98B /* UIColor+Ext.swift */,
			);
			path = RandomColor;
			sourceTree = "<group>";
		};
/* End PBXGroup section */

/* Begin PBXNativeTarget section */
		DC0C1B1B243CC8820075B98B /* RandomColor */ = {
			isa = PBXNativeTarget;
			buildConfigurationList = DC0C1B30243CC8830075B98B /* Build configuration list for PBXNativeTarget "RandomColor" */;
			buildPhases = (
				DC0C1B18243CC8820075B98B /* Sources */,
				DC0C1B19243CC8820075B98B /* Frameworks */,
				DC0C1B1A243CC8820075B98B /* Resources */,
			);
			buildRules = (
			);
			dependencies = (
			);
			name = RandomColor;
			productName = RandomColor;
			productReference = DC0C1B1C243CC8820075B98B /* RandomColor.app */;
			productType = "com.apple.product-type.application";
		};
/* End PBXNativeTarget section */

/* Begin PBXProject section */
		DC0C1B14243CC8820075B98B /* Project object */ = {
			isa = PBXProject;
			attributes = {
				LastSwiftUpdateCheck = 1140;
				LastUpgradeCheck = 1230;
				ORGANIZATIONNAME = "Felix Leitenberger";
				TargetAttributes = {
					DC0C1B1B243CC8820075B98B = {
						CreatedOnToolsVersion = 11.4;
					};
				};
			};
			buildConfigurationList = DC0C1B17243CC8820075B98B /* Build configuration list for PBXProject "RandomColor" */;
			compatibilityVersion = "Xcode 9.3";
			developmentRegion = en;
			hasScannedForEncodings = 0;
			knownRegions = (
				en,
				Base,
			);
			mainGroup = DC0C1B13243CC8820075B98B;
			productRefGroup = DC0C1B1D243CC8820075B98B /* Products */;
			projectDirPath = "";
			projectRoot = "";
			targets = (
				DC0C1B1B243CC8820075B98B /* RandomColor */,
			);
		};
/* End PBXProject section */

/* Begin PBXResourcesBuildPhase section */
		DC0C1B1A243CC8820075B98B /* Resources */ = {
			isa = PBXResourcesBuildPhase;
			buildActionMask = 2147483647;
			files = (
				DC0C1B2C243CC8830075B98B /* LaunchScreen.storyboard in Resources */,
				DC0C1B29243CC8830075B98B /* Assets.xcassets in Resources */,
				DC0C1B27243CC8820075B98B /* Main.storyboard in Resources */,
			);
			runOnlyForDeploymentPostprocessing = 0;
		};
/* End PBXResourcesBuildPhase section */

/* Begin PBXSourcesBuildPhase section */
		DC0C1B18243CC8820075B98B /* Sources */ = {
			isa = PBXSourcesBuildPhase;
			buildActionMask = 2147483647;
			files = (
				DC0C1B36243CCA4B0075B98B /* DetailVC.swift in Sources */,
				DC0C1B24243CC8820075B98B /* ColorTableVC.swift in Sources */,
				DC0C1B20243CC8820075B98B /* AppDelegate.swift in Sources */,
				DC0C1B38243CCA9F0075B98B /* UIColor+Ext.swift in Sources */,
				DC0C1B22243CC8820075B98B /* SceneDelegate.swift in Sources */,
				DC0C1B34243CC93D0075B98B /* Constants.swift in Sources */,
			);
			runOnlyForDeploymentPostprocessing = 0;
		};
/* End PBXSourcesBuildPhase section */

/* Begin PBXVariantGroup section */
		DC0C1B25243CC8820075B98B /* Main.storyboard */ = {
			isa = PBXVariantGroup;
			children = (
				DC0C1B26243CC8820075B98B /* Base */,
			);
			name = Main.storyboard;
			sourceTree = "<group>";
		};
		DC0C1B2A243CC8830075B98B /* LaunchScreen.storyboard */ = {
			isa = PBXVariantGroup;
			children = (
				DC0C1B2B243CC8830075B98B /* Base */,
			);
			name = LaunchScreen.storyboard;
			sourceTree = "<group>";
		};
/* End PBXVariantGroup section */

/* Begin XCBuildConfiguration section */
		DC0C1B2E243CC8830075B98B /* Debug */ = {
			isa = XCBuildConfiguration;
			buildSettings = {
				ALWAYS_SEARCH_USER_PATHS = NO;
				CLANG_ANALYZER_NONNULL = YES;
				CLANG_ANALYZER_NUMBER_OBJECT_CONVERSION = YES_AGGRESSIVE;
				CLANG_CXX_LANGUAGE_STANDARD = "gnu++14";
				CLANG_CXX_LIBRARY = "libc++";
				CLANG_ENABLE_MODULES = YES;
				CLANG_ENABLE_OBJC_ARC = YES;
				CLANG_ENABLE_OBJC_WEAK = YES;
				CLANG_WARN_BLOCK_CAPTURE_AUTORELEASING = YES;
				CLANG_WARN_BOOL_CONVERSION = YES;
				CLANG_WARN_COMMA = YES;
				CLANG_WARN_CONSTANT_CONVERSION = YES;
				CLANG_WARN_DEPRECATED_OBJC_IMPLEMENTATIONS = YES;
				CLANG_WARN_DIRECT_OBJC_ISA_USAGE = YES_ERROR;
				CLANG_WARN_DOCUMENTATION_COMMENTS = YES;
				CLANG_WARN_EMPTY_BODY = YES;
				CLANG_WARN_ENUM_CONVERSION = YES;
				CLANG_WARN_INFINITE_RECURSION = YES;
				CLANG_WARN_INT_CONVERSION = YES;
				CLANG_WARN_NON_LITERAL_NULL_CONVERSION = YES;
				CLANG_WARN_OBJC_IMPLICIT_RETAIN_SELF = YES;
				CLANG_WARN_OBJC_LITERAL_CONVERSION = YES;
				CLANG_WARN_OBJC_ROOT_CLASS = YES_ERROR;
				CLANG_WARN_QUOTED_INCLUDE_IN_FRAMEWORK_HEADER = YES;
				CLANG_WARN_RANGE_LOOP_ANALYSIS = YES;
				CLANG_WARN_STRICT_PROTOTYPES = YES;
				CLANG_WARN_SUSPICIOUS_MOVE = YES;
				CLANG_WARN_UNGUARDED_AVAILABILITY = YES_AGGRESSIVE;
				CLANG_WARN_UNREACHABLE_CODE = YES;
				CLANG_WARN__DUPLICATE_METHOD_MATCH = YES;
				COPY_PHASE_STRIP = NO;
				DEBUG_INFORMATION_FORMAT = dwarf;
				ENABLE_STRICT_OBJC_MSGSEND = YES;
				ENABLE_TESTABILITY = YES;
				GCC_C_LANGUAGE_STANDARD = gnu11;
				GCC_DYNAMIC_NO_PIC = NO;
				GCC_NO_COMMON_BLOCKS = YES;
				GCC_OPTIMIZATION_LEVEL = 0;
				GCC_PREPROCESSOR_DEFINITIONS = (
					"DEBUG=1",
					"$(inherited)",
				);
				GCC_WARN_64_TO_32_BIT_CONVERSION = YES;
				GCC_WARN_ABOUT_RETURN_TYPE = YES_ERROR;
				GCC_WARN_UNDECLARED_SELECTOR = YES;
				GCC_WARN_UNINITIALIZED_AUTOS = YES_AGGRESSIVE;
				GCC_WARN_UNUSED_FUNCTION = YES;
				GCC_WARN_UNUSED_VARIABLE = YES;
				IPHONEOS_DEPLOYMENT_TARGET = 13.4;
				MTL_ENABLE_DEBUG_INFO = INCLUDE_SOURCE;
				MTL_FAST_MATH = YES;
				ONLY_ACTIVE_ARCH = YES;
				SDKROOT = iphoneos;
				SWIFT_ACTIVE_COMPILATION_CONDITIONS = DEBUG;
				SWIFT_OPTIMIZATION_LEVEL = "-Onone";
			};
			name = Debug;
		};
		DC0C1B2F243CC8830075B98B /* Release */ = {
			isa = XCBuildConfiguration;
			buildSettings = {
				ALWAYS_SEARCH_USER_PATHS = NO;
				CLANG_ANALYZER_NONNULL = YES;
				CLANG_ANALYZER_NUMBER_OBJECT_CONVERSION = YES_AGGRESSIVE;
				CLANG_CXX_LANGUAGE_STANDARD = "gnu++14";
				CLANG_CXX_LIBRARY = "libc++";
				CLANG_ENABLE_MODULES = YES;
				CLANG_ENABLE_OBJC_ARC = YES;
				CLANG_ENABLE_OBJC_WEAK = YES;
				CLANG_WARN_BLOCK_CAPTURE_AUTORELEASING = YES;
				CLANG_WARN_BOOL_CONVERSION = YES;
				CLANG_WARN_COMMA = YES;
				CLANG_WARN_CONSTANT_CONVERSION = YES;
				CLANG_WARN_DEPRECATED_OBJC_IMPLEMENTATIONS = YES;
				CLANG_WARN_DIRECT_OBJC_ISA_USAGE = YES_ERROR;
				CLANG_WARN_DOCUMENTATION_COMMENTS = YES;
				CLANG_WARN_EMPTY_BODY = YES;
				CLANG_WARN_ENUM_CONVERSION = YES;
				CLANG_WARN_INFINITE_RECURSION = YES;
				CLANG_WARN_INT_CONVERSION = YES;
				CLANG_WARN_NON_LITERAL_NULL_CONVERSION = YES;
				CLANG_WARN_OBJC_IMPLICIT_RETAIN_SELF = YES;
				CLANG_WARN_OBJC_LITERAL_CONVERSION = YES;
				CLANG_WARN_OBJC_ROOT_CLASS = YES_ERROR;
				CLANG_WARN_QUOTED_INCLUDE_IN_FRAMEWORK_HEADER = YES;
				CLANG_WARN_RANGE_LOOP_ANALYSIS = YES;
				CLANG_WARN_STRICT_PROTOTYPES = YES;
				CLANG_WARN_SUSPICIOUS_MOVE = YES;
				CLANG_WARN_UNGUARDED_AVAILABILITY = YES_AGGRESSIVE;
				CLANG_WARN_UNREACHABLE_CODE = YES;
				CLANG_WARN__DUPLICATE_METHOD_MATCH = YES;
				COPY_PHASE_STRIP = NO;
				DEBUG_INFORMATION_FORMAT = "dwarf-with-dsym";
				ENABLE_NS_ASSERTIONS = NO;
				ENABLE_STRICT_OBJC_MSGSEND = YES;
				GCC_C_LANGUAGE_STANDARD = gnu11;
				GCC_NO_COMMON_BLOCKS = YES;
				GCC_WARN_64_TO_32_BIT_CONVERSION = YES;
				GCC_WARN_ABOUT_RETURN_TYPE = YES_ERROR;
				GCC_WARN_UNDECLARED_SELECTOR = YES;
				GCC_WARN_UNINITIALIZED_AUTOS = YES_AGGRESSIVE;
				GCC_WARN_UNUSED_FUNCTION = YES;
				GCC_WARN_UNUSED_VARIABLE = YES;
				IPHONEOS_DEPLOYMENT_TARGET = 13.4;
				MTL_ENABLE_DEBUG_INFO = NO;
				MTL_FAST_MATH = YES;
				SDKROOT = iphoneos;
				SWIFT_COMPILATION_MODE = wholemodule;
				SWIFT_OPTIMIZATION_LEVEL = "-O";
				VALIDATE_PRODUCT = YES;
			};
			name = Release;
		};
		DC0C1B31243CC8830075B98B /* Debug */ = {
			isa = XCBuildConfiguration;
			buildSettings = {
				ASSETCATALOG_COMPILER_APPICON_NAME = AppIcon;
				CODE_SIGN_STYLE = Automatic;
				DEVELOPMENT_TEAM = T3L732D2U5;
				INFOPLIST_FILE = RandomColor/Info.plist;
				LD_RUNPATH_SEARCH_PATHS = (
					"$(inherited)",
					"@executable_path/Frameworks",
				);
				PRODUCT_BUNDLE_IDENTIFIER = de.crabucate.RandomColor;
				PRODUCT_NAME = "$(TARGET_NAME)";
				SWIFT_VERSION = 5.0;
				TARGETED_DEVICE_FAMILY = "1,2";
			};
			name = Debug;
		};
		DC0C1B32243CC8830075B98B /* Release */ = {
			isa = XCBuildConfiguration;
			buildSettings = {
				ASSETCATALOG_COMPILER_APPICON_NAME = AppIcon;
				CODE_SIGN_STYLE = Automatic;
				DEVELOPMENT_TEAM = T3L732D2U5;
				INFOPLIST_FILE = RandomColor/Info.plist;
				LD_RUNPATH_SEARCH_PATHS = (
					"$(inherited)",
					"@executable_path/Frameworks",
				);
				PRODUCT_BUNDLE_IDENTIFIER = de.crabucate.RandomColor;
				PRODUCT_NAME = "$(TARGET_NAME)";
				SWIFT_VERSION = 5.0;
				TARGETED_DEVICE_FAMILY = "1,2";
			};
			name = Release;
		};
/* End XCBuildConfiguration section */

/* Begin XCConfigurationList section */
		DC0C1B17243CC8820075B98B /* Build configuration list for PBXProject "RandomColor" */ = {
			isa = XCConfigurationList;
			buildConfigurations = (
				DC0C1B2E243CC8830075B98B /* Debug */,
				DC0C1B2F243CC8830075B98B /* Release */,
			);
			defaultConfigurationIsVisible = 0;
			defaultConfigurationName = Release;
		};
		DC0C1B30243CC8830075B98B /* Build configuration list for PBXNativeTarget "RandomColor" */ = {
			isa = XCConfigurationList;
			buildConfigurations = (
				DC0C1B31243CC8830075B98B /* Debug */,
				DC0C1B32243CC8830075B98B /* Release */,
			);
			defaultConfigurationIsVisible = 0;
			defaultConfigurationName = Release;
		};
/* End XCConfigurationList section */
	};
	rootObject = DC0C1B14243CC8820075B98B /* Project object */;
}
